
Microsoft Visual Studio Solution File, Format Version 12.00
# Visual Studio Version 16
VisualStudioVersion = 16.0.32126.315
MinimumVisualStudioVersion = 10.0.40219.1
Project("{FAE04EC0-301F-11D3-BF4B-00C04F79EFBC}") = "Viktorina", "Viktorina\Viktorina.csproj", "{186DEE84-A8CE-49A9-A7DF-ADF8464D9188}"
EndProject
Global
	GlobalSection(SolutionConfigurationPlatforms) = preSolution
		Debug|Any CPU = Debug|Any CPU
		Release|Any CPU = Release|Any CPU
	EndGlobalSection
	GlobalSection(ProjectConfigurationPlatforms) = postSolution
		{186DEE84-A8CE-49A9-A7DF-ADF8464D9188}.Debug|Any CPU.ActiveCfg = Debug|Any CPU
		{186DEE84-A8CE-49A9-A7DF-ADF8464D9188}.Debug|Any CPU.Build.0 = Debug|Any CPU
		{186DEE84-A8CE-49A9-A7DF-ADF8464D9188}.Release|Any CPU.ActiveCfg = Release|Any CPU
		{186DEE84-A8CE-49A9-A7DF-ADF8464D9188}.Release|Any CPU.Build.0 = Release|Any CPU
	EndGlobalSection
	GlobalSection(SolutionProperties) = preSolution
		HideSolutionNode = FALSE
	EndGlobalSection
	GlobalSection(ExtensibilityGlobals) = postSolution
		SolutionGuid = {650FBE14-F6E8-4E12-9335-D86259FC67F9}
	EndGlobalSection
EndGlobal
